
Microsoft Visual Studio Solution File, Format Version 12.00
# Visual Studio Version 16
Project("{8BC9CEB8-8B4A-11D0-8D11-00A0C91BC942}") = "GHUDCore", "GHUDCore\GHUDCore.vcxproj", "{160F9273-02DC-EC7E-2BF5-DA261721220D}"
EndProject
Project("{8BC9CEB8-8B4A-11D0-8D11-00A0C91BC942}") = "GHUDOpenGL4", "GHUDOpenGL4\GHUDOpenGL4.vcxproj", "{E6A9C247-525F-3B3D-DB53-351447083241}"
EndProject
Project("{8BC9CEB8-8B4A-11D0-8D11-00A0C91BC942}") = "GHUDVulkan", "GHUDVulkan\GHUDVulkan.vcxproj", "{BE9F0DCD-AA57-4F1A-135F-2876FF35EA0A}"
EndProject
Global
	GlobalSection(SolutionConfigurationPlatforms) = preSolution
		Debug|x64 = Debug|x64
		Release|x64 = Release|x64
	EndGlobalSection
	GlobalSection(ProjectConfigurationPlatforms) = postSolution
		{160F9273-02DC-EC7E-2BF5-DA261721220D}.Debug|x64.ActiveCfg = Debug|x64
		{160F9273-02DC-EC7E-2BF5-DA261721220D}.Debug|x64.Build.0 = Debug|x64
		{160F9273-02DC-EC7E-2BF5-DA261721220D}.Release|x64.ActiveCfg = Release|x64
		{160F9273-02DC-EC7E-2BF5-DA261721220D}.Release|x64.Build.0 = Release|x64
		{E6A9C247-525F-3B3D-DB53-351447083241}.Debug|x64.ActiveCfg = Debug|x64
		{E6A9C247-525F-3B3D-DB53-351447083241}.Debug|x64.Build.0 = Debug|x64
		{E6A9C247-525F-3B3D-DB53-351447083241}.Release|x64.ActiveCfg = Release|x64
		{E6A9C247-525F-3B3D-DB53-351447083241}.Release|x64.Build.0 = Release|x64
		{BE9F0DCD-AA57-4F1A-135F-2876FF35EA0A}.Debug|x64.ActiveCfg = Debug|x64
		{BE9F0DCD-AA57-4F1A-135F-2876FF35EA0A}.Debug|x64.Build.0 = Debug|x64
		{BE9F0DCD-AA57-4F1A-135F-2876FF35EA0A}.Release|x64.ActiveCfg = Release|x64
		{BE9F0DCD-AA57-4F1A-135F-2876FF35EA0A}.Release|x64.Build.0 = Release|x64
	EndGlobalSection
	GlobalSection(SolutionProperties) = preSolution
		HideSolutionNode = FALSE
	EndGlobalSection
EndGlobal
